
Microsoft Visual Studio Solution File, Format Version 12.00
# Visual Studio 14
VisualStudioVersion = 14.0.25420.1
MinimumVisualStudioVersion = 10.0.40219.1
Project("{2150E333-8FDC-42A3-9474-1A3956D46DE8}") = "src", "src", "{216AA97F-008E-4C58-85E7-7E8844ED63A5}"
EndProject
Project("{2150E333-8FDC-42A3-9474-1A3956D46DE8}") = "Solution Items", "Solution Items", "{64F0718D-A2BA-425C-9FEC-3C03A5762375}"
	ProjectSection(SolutionItems) = preProject
		global.json = global.json
	EndProjectSection
EndProject
Project("{8BB2217D-0F2D-49D1-97BC-3654ED321F3B}") = "TextScoreDashboard", "src\TextScoreDashboard\TextScoreDashboard.xproj", "{129828BB-1771-4BA8-9349-1C84AC848E78}"
EndProject
Global
	GlobalSection(SolutionConfigurationPlatforms) = preSolution
		Debug|Any CPU = Debug|Any CPU
		Release|Any CPU = Release|Any CPU
	EndGlobalSection
	GlobalSection(ProjectConfigurationPlatforms) = postSolution
		{129828BB-1771-4BA8-9349-1C84AC848E78}.Debug|Any CPU.ActiveCfg = Debug|Any CPU
		{129828BB-1771-4BA8-9349-1C84AC848E78}.Debug|Any CPU.Build.0 = Debug|Any CPU
		{129828BB-1771-4BA8-9349-1C84AC848E78}.Release|Any CPU.ActiveCfg = Release|Any CPU
		{129828BB-1771-4BA8-9349-1C84AC848E78}.Release|Any CPU.Build.0 = Release|Any CPU
	EndGlobalSection
	GlobalSection(SolutionProperties) = preSolution
		HideSolutionNode = FALSE
	EndGlobalSection
	GlobalSection(NestedProjects) = preSolution
		{129828BB-1771-4BA8-9349-1C84AC848E78} = {216AA97F-008E-4C58-85E7-7E8844ED63A5}
	EndGlobalSection
EndGlobal
