
Microsoft Visual Studio Solution File, Format Version 12.00
# Visual Studio 15
VisualStudioVersion = 15.0.26510.0
MinimumVisualStudioVersion = 10.0.40219.1
Project("{9A19103F-16F7-4668-BE54-9A1E7A4F7556}") = "TextEvaluation", "TextEvaluation\TextEvaluation.csproj", "{7F7C36A0-941B-4BDD-B3E8-E4A735B0A7AD}"
EndProject
Project("{FAE04EC0-301F-11D3-BF4B-00C04F79EFBC}") = "TextEvaluation_Tests", "TextEvaluation_Tests\TextEvaluation_Tests.csproj", "{0989B4D6-B2B4-42C2-AE4E-7B09CF303047}"
EndProject
Global
	GlobalSection(SolutionConfigurationPlatforms) = preSolution
		Debug|Any CPU = Debug|Any CPU
		Release|Any CPU = Release|Any CPU
	EndGlobalSection
	GlobalSection(ProjectConfigurationPlatforms) = postSolution
		{7F7C36A0-941B-4BDD-B3E8-E4A735B0A7AD}.Debug|Any CPU.ActiveCfg = Debug|Any CPU
		{7F7C36A0-941B-4BDD-B3E8-E4A735B0A7AD}.Debug|Any CPU.Build.0 = Debug|Any CPU
		{7F7C36A0-941B-4BDD-B3E8-E4A735B0A7AD}.Release|Any CPU.ActiveCfg = Release|Any CPU
		{7F7C36A0-941B-4BDD-B3E8-E4A735B0A7AD}.Release|Any CPU.Build.0 = Release|Any CPU
		{0989B4D6-B2B4-42C2-AE4E-7B09CF303047}.Debug|Any CPU.ActiveCfg = Debug|Any CPU
		{0989B4D6-B2B4-42C2-AE4E-7B09CF303047}.Debug|Any CPU.Build.0 = Debug|Any CPU
		{0989B4D6-B2B4-42C2-AE4E-7B09CF303047}.Release|Any CPU.ActiveCfg = Release|Any CPU
		{0989B4D6-B2B4-42C2-AE4E-7B09CF303047}.Release|Any CPU.Build.0 = Release|Any CPU
	EndGlobalSection
	GlobalSection(SolutionProperties) = preSolution
		HideSolutionNode = FALSE
	EndGlobalSection
EndGlobal
